// !$*UTF8*$!
{
	archiveVersion = 1;
	classes = {
	};
	objectVersion = 46;
	objects = {

/* Begin PBXBuildFile section */
		1D0E674716C9B94100537AEC /* haarcascade_mcs_mouth.xml in Resources */ = {isa = PBXBuildFile; fileRef = 1D0E674616C9B94100537AEC /* haarcascade_mcs_mouth.xml */; };
		1D19850D16C6E31600AF57CC /* haarcascade_frontalface_default.xml in Resources */ = {isa = PBXBuildFile; fileRef = 1D19850C16C6E31600AF57CC /* haarcascade_frontalface_default.xml */; };
		1D5C808C16CE872900234D0D /* FindMouthsViewController.m in Sources */ = {isa = PBXBuildFile; fileRef = 1D5C808A16CE872900234D0D /* FindMouthsViewController.m */; };
		1D5C808D16CE872900234D0D /* FindMouthsViewController.xib in Resources */ = {isa = PBXBuildFile; fileRef = 1D5C808B16CE872900234D0D /* FindMouthsViewController.xib */; };
		1D6992E816C014C200547D63 /* UIKit.framework in Frameworks */ = {isa = PBXBuildFile; fileRef = 1D6992E716C014C200547D63 /* UIKit.framework */; };
		1D6992EA16C014C200547D63 /* Foundation.framework in Frameworks */ = {isa = PBXBuildFile; fileRef = 1D6992E916C014C200547D63 /* Foundation.framework */; };
		1D6992EC16C014C200547D63 /* CoreGraphics.framework in Frameworks */ = {isa = PBXBuildFile; fileRef = 1D6992EB16C014C200547D63 /* CoreGraphics.framework */; };
		1D6992F216C014C200547D63 /* InfoPlist.strings in Resources */ = {isa = PBXBuildFile; fileRef = 1D6992F016C014C200547D63 /* InfoPlist.strings */; };
		1D6992F416C014C200547D63 /* main.m in Sources */ = {isa = PBXBuildFile; fileRef = 1D6992F316C014C200547D63 /* main.m */; };
		1D6992F816C014C200547D63 /* DrewFaceAppDelegate.m in Sources */ = {isa = PBXBuildFile; fileRef = 1D6992F716C014C200547D63 /* DrewFaceAppDelegate.m */; };
		1D6992FA16C014C200547D63 /* Default.png in Resources */ = {isa = PBXBuildFile; fileRef = 1D6992F916C014C200547D63 /* Default.png */; };
		1D6992FC16C014C200547D63 /* Default@2x.png in Resources */ = {isa = PBXBuildFile; fileRef = 1D6992FB16C014C200547D63 /* Default@2x.png */; };
		1D6992FE16C014C200547D63 /* Default-568h@2x.png in Resources */ = {isa = PBXBuildFile; fileRef = 1D6992FD16C014C200547D63 /* Default-568h@2x.png */; };
		1D69930116C014C200547D63 /* DrewFaceViewController.m in Sources */ = {isa = PBXBuildFile; fileRef = 1D69930016C014C200547D63 /* DrewFaceViewController.m */; };
		1D69930416C014C200547D63 /* DrewFaceViewController.xib in Resources */ = {isa = PBXBuildFile; fileRef = 1D69930216C014C200547D63 /* DrewFaceViewController.xib */; };
		1D8594A716D42F990088B5B4 /* ShowMouthsViewController.m in Sources */ = {isa = PBXBuildFile; fileRef = 1D8594A516D42F990088B5B4 /* ShowMouthsViewController.m */; };
		1D8594A816D42F990088B5B4 /* ShowMouthsViewController.xib in Resources */ = {isa = PBXBuildFile; fileRef = 1D8594A616D42F990088B5B4 /* ShowMouthsViewController.xib */; };
		1D9B181416E32BCA003AB39F /* CoreImage.framework in Frameworks */ = {isa = PBXBuildFile; fileRef = 1D9B181316E32BCA003AB39F /* CoreImage.framework */; };
		1DC1EDC716C0E99F0076AF9D /* ImageIO.framework in Frameworks */ = {isa = PBXBuildFile; fileRef = 1DC1EDC616C0E99F0076AF9D /* ImageIO.framework */; };
		1DC6943816DAC87700ED63E6 /* drewteethtransparent.png in Resources */ = {isa = PBXBuildFile; fileRef = 1DC6943516DAC87700ED63E6 /* drewteethtransparent.png */; };
		1DC6943916DAC87700ED63E6 /* drewteeth.png in Resources */ = {isa = PBXBuildFile; fileRef = 1DC6943616DAC87700ED63E6 /* drewteeth.png */; };
		1DC6943A16DAC87700ED63E6 /* drewmouth.png in Resources */ = {isa = PBXBuildFile; fileRef = 1DC6943716DAC87700ED63E6 /* drewmouth.png */; };
		1DC6944116DB199300ED63E6 /* drewcolor.jpg in Resources */ = {isa = PBXBuildFile; fileRef = 1DC6943F16DB199300ED63E6 /* drewcolor.jpg */; };
		1DC6944216DB199300ED63E6 /* drewmouthcolor.png in Resources */ = {isa = PBXBuildFile; fileRef = 1DC6944016DB199300ED63E6 /* drewmouthcolor.png */; };
		1DC6944616DB1AA900ED63E6 /* drewfacecolor.png in Resources */ = {isa = PBXBuildFile; fileRef = 1DC6944516DB1AA900ED63E6 /* drewfacecolor.png */; };
		1DE6DDF116C41A8300BAA92A /* opencv2.framework in Frameworks */ = {isa = PBXBuildFile; fileRef = 1DE6DDF016C41A8300BAA92A /* opencv2.framework */; };
		1DE6DDF916C41D5F00BAA92A /* OpenCvClass.mm in Sources */ = {isa = PBXBuildFile; fileRef = 1DE6DDF816C41D5F00BAA92A /* OpenCvClass.mm */; };
		3A02316916C97F190092817E /* Detect.cpp in Sources */ = {isa = PBXBuildFile; fileRef = 3A02316816C97F190092817E /* Detect.cpp */; };
		3A75C88817046889002A1A72 /* DrewFaceDetect.m in Sources */ = {isa = PBXBuildFile; fileRef = 3A75C88717046889002A1A72 /* DrewFaceDetect.m */; };
/* End PBXBuildFile section */

/* Begin PBXFileReference section */
		1D0E674616C9B94100537AEC /* haarcascade_mcs_mouth.xml */ = {isa = PBXFileReference; fileEncoding = 4; lastKnownFileType = text.xml; path = haarcascade_mcs_mouth.xml; sourceTree = "<group>"; };
		1D19850C16C6E31600AF57CC /* haarcascade_frontalface_default.xml */ = {isa = PBXFileReference; fileEncoding = 4; lastKnownFileType = text.xml; path = haarcascade_frontalface_default.xml; sourceTree = "<group>"; };
		1D5C808916CE872800234D0D /* FindMouthsViewController.h */ = {isa = PBXFileReference; fileEncoding = 4; lastKnownFileType = sourcecode.c.h; path = FindMouthsViewController.h; sourceTree = "<group>"; };
		1D5C808A16CE872900234D0D /* FindMouthsViewController.m */ = {isa = PBXFileReference; fileEncoding = 4; lastKnownFileType = sourcecode.c.objc; path = FindMouthsViewController.m; sourceTree = "<group>"; };
		1D5C808B16CE872900234D0D /* FindMouthsViewController.xib */ = {isa = PBXFileReference; fileEncoding = 4; lastKnownFileType = file.xib; path = FindMouthsViewController.xib; sourceTree = "<group>"; };
		1D6992E416C014C200547D63 /* DrewFace.app */ = {isa = PBXFileReference; explicitFileType = wrapper.application; includeInIndex = 0; path = DrewFace.app; sourceTree = BUILT_PRODUCTS_DIR; };
		1D6992E716C014C200547D63 /* UIKit.framework */ = {isa = PBXFileReference; lastKnownFileType = wrapper.framework; name = UIKit.framework; path = System/Library/Frameworks/UIKit.framework; sourceTree = SDKROOT; };
		1D6992E916C014C200547D63 /* Foundation.framework */ = {isa = PBXFileReference; lastKnownFileType = wrapper.framework; name = Foundation.framework; path = System/Library/Frameworks/Foundation.framework; sourceTree = SDKROOT; };
		1D6992EB16C014C200547D63 /* CoreGraphics.framework */ = {isa = PBXFileReference; lastKnownFileType = wrapper.framework; name = CoreGraphics.framework; path = System/Library/Frameworks/CoreGraphics.framework; sourceTree = SDKROOT; };
		1D6992EF16C014C200547D63 /* DrewFace-Info.plist */ = {isa = PBXFileReference; lastKnownFileType = text.plist.xml; path = "DrewFace-Info.plist"; sourceTree = "<group>"; };
		1D6992F116C014C200547D63 /* en */ = {isa = PBXFileReference; lastKnownFileType = text.plist.strings; name = en; path = en.lproj/InfoPlist.strings; sourceTree = "<group>"; };
		1D6992F316C014C200547D63 /* main.m */ = {isa = PBXFileReference; lastKnownFileType = sourcecode.c.objc; path = main.m; sourceTree = "<group>"; };
		1D6992F516C014C200547D63 /* DrewFace-Prefix.pch */ = {isa = PBXFileReference; lastKnownFileType = sourcecode.c.h; path = "DrewFace-Prefix.pch"; sourceTree = "<group>"; };
		1D6992F616C014C200547D63 /* DrewFaceAppDelegate.h */ = {isa = PBXFileReference; lastKnownFileType = sourcecode.c.h; path = DrewFaceAppDelegate.h; sourceTree = "<group>"; };
		1D6992F716C014C200547D63 /* DrewFaceAppDelegate.m */ = {isa = PBXFileReference; lastKnownFileType = sourcecode.c.objc; path = DrewFaceAppDelegate.m; sourceTree = "<group>"; };
		1D6992F916C014C200547D63 /* Default.png */ = {isa = PBXFileReference; lastKnownFileType = image.png; path = Default.png; sourceTree = "<group>"; };
		1D6992FB16C014C200547D63 /* Default@2x.png */ = {isa = PBXFileReference; lastKnownFileType = image.png; path = "Default@2x.png"; sourceTree = "<group>"; };
		1D6992FD16C014C200547D63 /* Default-568h@2x.png */ = {isa = PBXFileReference; lastKnownFileType = image.png; path = "Default-568h@2x.png"; sourceTree = "<group>"; };
		1D6992FF16C014C200547D63 /* DrewFaceViewController.h */ = {isa = PBXFileReference; lastKnownFileType = sourcecode.c.h; path = DrewFaceViewController.h; sourceTree = "<group>"; };
		1D69930016C014C200547D63 /* DrewFaceViewController.m */ = {isa = PBXFileReference; lastKnownFileType = sourcecode.c.objc; path = DrewFaceViewController.m; sourceTree = "<group>"; };
		1D69930316C014C200547D63 /* en */ = {isa = PBXFileReference; lastKnownFileType = file.xib; name = en; path = en.lproj/DrewFaceViewController.xib; sourceTree = "<group>"; };
		1D8594A416D42F990088B5B4 /* ShowMouthsViewController.h */ = {isa = PBXFileReference; fileEncoding = 4; lastKnownFileType = sourcecode.c.h; path = ShowMouthsViewController.h; sourceTree = "<group>"; };
		1D8594A516D42F990088B5B4 /* ShowMouthsViewController.m */ = {isa = PBXFileReference; fileEncoding = 4; lastKnownFileType = sourcecode.c.objc; path = ShowMouthsViewController.m; sourceTree = "<group>"; };
		1D8594A616D42F990088B5B4 /* ShowMouthsViewController.xib */ = {isa = PBXFileReference; fileEncoding = 4; lastKnownFileType = file.xib; path = ShowMouthsViewController.xib; sourceTree = "<group>"; };
		1D9B181316E32BCA003AB39F /* CoreImage.framework */ = {isa = PBXFileReference; lastKnownFileType = wrapper.framework; name = CoreImage.framework; path = System/Library/Frameworks/CoreImage.framework; sourceTree = SDKROOT; };
		1DC1EDC616C0E99F0076AF9D /* ImageIO.framework */ = {isa = PBXFileReference; lastKnownFileType = wrapper.framework; name = ImageIO.framework; path = System/Library/Frameworks/ImageIO.framework; sourceTree = SDKROOT; };
		1DC6943516DAC87700ED63E6 /* drewteethtransparent.png */ = {isa = PBXFileReference; lastKnownFileType = image.png; path = drewteethtransparent.png; sourceTree = "<group>"; };
		1DC6943616DAC87700ED63E6 /* drewteeth.png */ = {isa = PBXFileReference; lastKnownFileType = image.png; path = drewteeth.png; sourceTree = "<group>"; };
		1DC6943716DAC87700ED63E6 /* drewmouth.png */ = {isa = PBXFileReference; lastKnownFileType = image.png; path = drewmouth.png; sourceTree = "<group>"; };
		1DC6943F16DB199300ED63E6 /* drewcolor.jpg */ = {isa = PBXFileReference; lastKnownFileType = image.jpeg; path = drewcolor.jpg; sourceTree = "<group>"; };
		1DC6944016DB199300ED63E6 /* drewmouthcolor.png */ = {isa = PBXFileReference; lastKnownFileType = image.png; path = drewmouthcolor.png; sourceTree = "<group>"; };
		1DC6944516DB1AA900ED63E6 /* drewfacecolor.png */ = {isa = PBXFileReference; lastKnownFileType = image.png; path = drewfacecolor.png; sourceTree = "<group>"; };
		1DE6DDF016C41A8300BAA92A /* opencv2.framework */ = {isa = PBXFileReference; lastKnownFileType = wrapper.framework; path = opencv2.framework; sourceTree = "<group>"; };
		1DE6DDF716C41D5F00BAA92A /* OpenCvClass.h */ = {isa = PBXFileReference; fileEncoding = 4; lastKnownFileType = sourcecode.c.h; path = OpenCvClass.h; sourceTree = "<group>"; };
		1DE6DDF816C41D5F00BAA92A /* OpenCvClass.mm */ = {isa = PBXFileReference; fileEncoding = 4; lastKnownFileType = sourcecode.cpp.objcpp; path = OpenCvClass.mm; sourceTree = "<group>"; };
		3A02316816C97F190092817E /* Detect.cpp */ = {isa = PBXFileReference; fileEncoding = 4; lastKnownFileType = sourcecode.cpp.cpp; path = Detect.cpp; sourceTree = "<group>"; };
		3A02316A16C97F220092817E /* Detect.h */ = {isa = PBXFileReference; lastKnownFileType = sourcecode.c.h; path = Detect.h; sourceTree = "<group>"; };
		3A75C88617046889002A1A72 /* DrewFaceDetect.h */ = {isa = PBXFileReference; fileEncoding = 4; lastKnownFileType = sourcecode.c.h; path = DrewFaceDetect.h; sourceTree = "<group>"; };
		3A75C88717046889002A1A72 /* DrewFaceDetect.m */ = {isa = PBXFileReference; fileEncoding = 4; lastKnownFileType = sourcecode.c.objc; path = DrewFaceDetect.m; sourceTree = "<group>"; };
/* End PBXFileReference section */

/* Begin PBXFrameworksBuildPhase section */
		1D6992E116C014C200547D63 /* Frameworks */ = {
			isa = PBXFrameworksBuildPhase;
			buildActionMask = 2147483647;
			files = (
				1D9B181416E32BCA003AB39F /* CoreImage.framework in Frameworks */,
				1DE6DDF116C41A8300BAA92A /* opencv2.framework in Frameworks */,
				1DC1EDC716C0E99F0076AF9D /* ImageIO.framework in Frameworks */,
				1D6992EC16C014C200547D63 /* CoreGraphics.framework in Frameworks */,
				1D6992E816C014C200547D63 /* UIKit.framework in Frameworks */,
				1D6992EA16C014C200547D63 /* Foundation.framework in Frameworks */,
			);
			runOnlyForDeploymentPostprocessing = 0;
		};
/* End PBXFrameworksBuildPhase section */

/* Begin PBXGroup section */
		1D6992DB16C014C200547D63 = {
			isa = PBXGroup;
			children = (
				1D6992ED16C014C200547D63 /* DrewFace */,
				1D6992E616C014C200547D63 /* Frameworks */,
				1D6992E516C014C200547D63 /* Products */,
			);
			sourceTree = "<group>";
		};
		1D6992E516C014C200547D63 /* Products */ = {
			isa = PBXGroup;
			children = (
				1D6992E416C014C200547D63 /* DrewFace.app */,
			);
			name = Products;
			sourceTree = "<group>";
		};
		1D6992E616C014C200547D63 /* Frameworks */ = {
			isa = PBXGroup;
			children = (
				1D9B181316E32BCA003AB39F /* CoreImage.framework */,
				1DE6DDF016C41A8300BAA92A /* opencv2.framework */,
				1DC1EDC616C0E99F0076AF9D /* ImageIO.framework */,
				1D6992E716C014C200547D63 /* UIKit.framework */,
				1D6992E916C014C200547D63 /* Foundation.framework */,
				1D6992EB16C014C200547D63 /* CoreGraphics.framework */,
			);
			name = Frameworks;
			sourceTree = "<group>";
		};
		1D6992ED16C014C200547D63 /* DrewFace */ = {
			isa = PBXGroup;
			children = (
				3A75C88517046874002A1A72 /* NeedsPort */,
				3A02316716C97EF50092817E /* C/C++ Only */,
				1D6992F616C014C200547D63 /* DrewFaceAppDelegate.h */,
				1D6992F716C014C200547D63 /* DrewFaceAppDelegate.m */,
				1D6992FF16C014C200547D63 /* DrewFaceViewController.h */,
				1D69930016C014C200547D63 /* DrewFaceViewController.m */,
				1D69930216C014C200547D63 /* DrewFaceViewController.xib */,
				1DE6DDF716C41D5F00BAA92A /* OpenCvClass.h */,
				1DE6DDF816C41D5F00BAA92A /* OpenCvClass.mm */,
				1D5C808916CE872800234D0D /* FindMouthsViewController.h */,
				1D5C808A16CE872900234D0D /* FindMouthsViewController.m */,
				1D5C808B16CE872900234D0D /* FindMouthsViewController.xib */,
				1D8594A416D42F990088B5B4 /* ShowMouthsViewController.h */,
				1D8594A516D42F990088B5B4 /* ShowMouthsViewController.m */,
				1D8594A616D42F990088B5B4 /* ShowMouthsViewController.xib */,
				1D6992EE16C014C200547D63 /* Supporting Files */,
			);
			path = DrewFace;
			sourceTree = "<group>";
		};
		1D6992EE16C014C200547D63 /* Supporting Files */ = {
			isa = PBXGroup;
			children = (
				1DC6943F16DB199300ED63E6 /* drewcolor.jpg */,
				1DC6944516DB1AA900ED63E6 /* drewfacecolor.png */,
				1DC6944016DB199300ED63E6 /* drewmouthcolor.png */,
				1DC6943516DAC87700ED63E6 /* drewteethtransparent.png */,
				1DC6943616DAC87700ED63E6 /* drewteeth.png */,
				1DC6943716DAC87700ED63E6 /* drewmouth.png */,
				1D19850C16C6E31600AF57CC /* haarcascade_frontalface_default.xml */,
				1D0E674616C9B94100537AEC /* haarcascade_mcs_mouth.xml */,
				1D6992EF16C014C200547D63 /* DrewFace-Info.plist */,
				1D6992F016C014C200547D63 /* InfoPlist.strings */,
				1D6992F316C014C200547D63 /* main.m */,
				1D6992F516C014C200547D63 /* DrewFace-Prefix.pch */,
				1D6992F916C014C200547D63 /* Default.png */,
				1D6992FB16C014C200547D63 /* Default@2x.png */,
				1D6992FD16C014C200547D63 /* Default-568h@2x.png */,
			);
			name = "Supporting Files";
			sourceTree = "<group>";
		};
		3A02316716C97EF50092817E /* C/C++ Only */ = {
			isa = PBXGroup;
			children = (
				3A02316A16C97F220092817E /* Detect.h */,
				3A02316816C97F190092817E /* Detect.cpp */,
			);
			name = "C/C++ Only";
			sourceTree = "<group>";
		};
		3A75C88517046874002A1A72 /* NeedsPort */ = {
			isa = PBXGroup;
			children = (
				3A75C88617046889002A1A72 /* DrewFaceDetect.h */,
				3A75C88717046889002A1A72 /* DrewFaceDetect.m */,
			);
			name = NeedsPort;
			sourceTree = "<group>";
		};
/* End PBXGroup section */

/* Begin PBXNativeTarget section */
		1D6992E316C014C200547D63 /* DrewFace */ = {
			isa = PBXNativeTarget;
			buildConfigurationList = 1D69930716C014C200547D63 /* Build configuration list for PBXNativeTarget "DrewFace" */;
			buildPhases = (
				1D6992E016C014C200547D63 /* Sources */,
				1D6992E116C014C200547D63 /* Frameworks */,
				1D6992E216C014C200547D63 /* Resources */,
			);
			buildRules = (
			);
			dependencies = (
			);
			name = DrewFace;
			productName = DrewFace;
			productReference = 1D6992E416C014C200547D63 /* DrewFace.app */;
			productType = "com.apple.product-type.application";
		};
/* End PBXNativeTarget section */

/* Begin PBXProject section */
		1D6992DC16C014C200547D63 /* Project object */ = {
			isa = PBXProject;
			attributes = {
				CLASSPREFIX = DrewFace;
				LastUpgradeCheck = 0460;
				ORGANIZATIONNAME = "FCW Consulting LLC";
			};
			buildConfigurationList = 1D6992DF16C014C200547D63 /* Build configuration list for PBXProject "DrewFace" */;
			compatibilityVersion = "Xcode 3.2";
			developmentRegion = English;
			hasScannedForEncodings = 0;
			knownRegions = (
				en,
			);
			mainGroup = 1D6992DB16C014C200547D63;
			productRefGroup = 1D6992E516C014C200547D63 /* Products */;
			projectDirPath = "";
			projectRoot = "";
			targets = (
				1D6992E316C014C200547D63 /* DrewFace */,
			);
		};
/* End PBXProject section */

/* Begin PBXResourcesBuildPhase section */
		1D6992E216C014C200547D63 /* Resources */ = {
			isa = PBXResourcesBuildPhase;
			buildActionMask = 2147483647;
			files = (
				1D6992F216C014C200547D63 /* InfoPlist.strings in Resources */,
				1D6992FA16C014C200547D63 /* Default.png in Resources */,
				1D6992FC16C014C200547D63 /* Default@2x.png in Resources */,
				1D6992FE16C014C200547D63 /* Default-568h@2x.png in Resources */,
				1D69930416C014C200547D63 /* DrewFaceViewController.xib in Resources */,
				1D19850D16C6E31600AF57CC /* haarcascade_frontalface_default.xml in Resources */,
				1D0E674716C9B94100537AEC /* haarcascade_mcs_mouth.xml in Resources */,
				1D5C808D16CE872900234D0D /* FindMouthsViewController.xib in Resources */,
				1D8594A816D42F990088B5B4 /* ShowMouthsViewController.xib in Resources */,
				1DC6943816DAC87700ED63E6 /* drewteethtransparent.png in Resources */,
				1DC6943916DAC87700ED63E6 /* drewteeth.png in Resources */,
				1DC6943A16DAC87700ED63E6 /* drewmouth.png in Resources */,
				1DC6944116DB199300ED63E6 /* drewcolor.jpg in Resources */,
				1DC6944216DB199300ED63E6 /* drewmouthcolor.png in Resources */,
				1DC6944616DB1AA900ED63E6 /* drewfacecolor.png in Resources */,
			);
			runOnlyForDeploymentPostprocessing = 0;
		};
/* End PBXResourcesBuildPhase section */

/* Begin PBXSourcesBuildPhase section */
		1D6992E016C014C200547D63 /* Sources */ = {
			isa = PBXSourcesBuildPhase;
			buildActionMask = 2147483647;
			files = (
				1D6992F416C014C200547D63 /* main.m in Sources */,
				1D6992F816C014C200547D63 /* DrewFaceAppDelegate.m in Sources */,
				1D69930116C014C200547D63 /* DrewFaceViewController.m in Sources */,
				1DE6DDF916C41D5F00BAA92A /* OpenCvClass.mm in Sources */,
				3A02316916C97F190092817E /* Detect.cpp in Sources */,
				1D5C808C16CE872900234D0D /* FindMouthsViewController.m in Sources */,
				1D8594A716D42F990088B5B4 /* ShowMouthsViewController.m in Sources */,
				3A75C88817046889002A1A72 /* DrewFaceDetect.m in Sources */,
			);
			runOnlyForDeploymentPostprocessing = 0;
		};
/* End PBXSourcesBuildPhase section */

/* Begin PBXVariantGroup section */
		1D6992F016C014C200547D63 /* InfoPlist.strings */ = {
			isa = PBXVariantGroup;
			children = (
				1D6992F116C014C200547D63 /* en */,
			);
			name = InfoPlist.strings;
			sourceTree = "<group>";
		};
		1D69930216C014C200547D63 /* DrewFaceViewController.xib */ = {
			isa = PBXVariantGroup;
			children = (
				1D69930316C014C200547D63 /* en */,
			);
			name = DrewFaceViewController.xib;
			sourceTree = "<group>";
		};
/* End PBXVariantGroup section */

/* Begin XCBuildConfiguration section */
		1D69930516C014C200547D63 /* Debug */ = {
			isa = XCBuildConfiguration;
			buildSettings = {
				ALWAYS_SEARCH_USER_PATHS = NO;
				CLANG_CXX_LANGUAGE_STANDARD = "gnu++0x";
				CLANG_CXX_LIBRARY = "libc++";
				CLANG_ENABLE_OBJC_ARC = YES;
				CLANG_WARN_CONSTANT_CONVERSION = YES;
				CLANG_WARN_EMPTY_BODY = YES;
				CLANG_WARN_ENUM_CONVERSION = YES;
				CLANG_WARN_INT_CONVERSION = YES;
				CLANG_WARN__DUPLICATE_METHOD_MATCH = YES;
				"CODE_SIGN_IDENTITY[sdk=iphoneos*]" = "iPhone Developer";
				COPY_PHASE_STRIP = NO;
				GCC_C_LANGUAGE_STANDARD = gnu99;
				GCC_DYNAMIC_NO_PIC = NO;
				GCC_OPTIMIZATION_LEVEL = 0;
				GCC_PREPROCESSOR_DEFINITIONS = (
					"DEBUG=1",
					"$(inherited)",
				);
				GCC_SYMBOLS_PRIVATE_EXTERN = NO;
				GCC_WARN_ABOUT_RETURN_TYPE = YES;
				GCC_WARN_UNINITIALIZED_AUTOS = YES;
				GCC_WARN_UNUSED_VARIABLE = YES;
				IPHONEOS_DEPLOYMENT_TARGET = 5.0;
				ONLY_ACTIVE_ARCH = YES;
				SDKROOT = iphoneos;
			};
			name = Debug;
		};
		1D69930616C014C200547D63 /* Release */ = {
			isa = XCBuildConfiguration;
			buildSettings = {
				ALWAYS_SEARCH_USER_PATHS = NO;
				CLANG_CXX_LANGUAGE_STANDARD = "gnu++0x";
				CLANG_CXX_LIBRARY = "libc++";
				CLANG_ENABLE_OBJC_ARC = YES;
				CLANG_WARN_CONSTANT_CONVERSION = YES;
				CLANG_WARN_EMPTY_BODY = YES;
				CLANG_WARN_ENUM_CONVERSION = YES;
				CLANG_WARN_INT_CONVERSION = YES;
				CLANG_WARN__DUPLICATE_METHOD_MATCH = YES;
				"CODE_SIGN_IDENTITY[sdk=iphoneos*]" = "iPhone Developer";
				COPY_PHASE_STRIP = YES;
				GCC_C_LANGUAGE_STANDARD = gnu99;
				GCC_WARN_ABOUT_RETURN_TYPE = YES;
				GCC_WARN_UNINITIALIZED_AUTOS = YES;
				GCC_WARN_UNUSED_VARIABLE = YES;
				IPHONEOS_DEPLOYMENT_TARGET = 5.0;
				OTHER_CFLAGS = "-DNS_BLOCK_ASSERTIONS=1";
				SDKROOT = iphoneos;
				VALIDATE_PRODUCT = YES;
			};
			name = Release;
		};
		1D69930816C014C200547D63 /* Debug */ = {
			isa = XCBuildConfiguration;
			buildSettings = {
				FRAMEWORK_SEARCH_PATHS = (
					"$(inherited)",
					"\"$(SRCROOT)\"",
				);
				GCC_PRECOMPILE_PREFIX_HEADER = YES;
				GCC_PREFIX_HEADER = "DrewFace/DrewFace-Prefix.pch";
				INFOPLIST_FILE = "DrewFace/DrewFace-Info.plist";
				IPHONEOS_DEPLOYMENT_TARGET = 5.0;
				LIBRARY_SEARCH_PATHS = "$(inherited)";
				PRODUCT_NAME = "$(TARGET_NAME)";
				WRAPPER_EXTENSION = app;
			};
			name = Debug;
		};
		1D69930916C014C200547D63 /* Release */ = {
			isa = XCBuildConfiguration;
			buildSettings = {
				FRAMEWORK_SEARCH_PATHS = (
					"$(inherited)",
					"\"$(SRCROOT)\"",
				);
				GCC_PRECOMPILE_PREFIX_HEADER = YES;
				GCC_PREFIX_HEADER = "DrewFace/DrewFace-Prefix.pch";
				INFOPLIST_FILE = "DrewFace/DrewFace-Info.plist";
				IPHONEOS_DEPLOYMENT_TARGET = 5.0;
				LIBRARY_SEARCH_PATHS = "$(inherited)";
				PRODUCT_NAME = "$(TARGET_NAME)";
				WRAPPER_EXTENSION = app;
			};
			name = Release;
		};
/* End XCBuildConfiguration section */

/* Begin XCConfigurationList section */
		1D6992DF16C014C200547D63 /* Build configuration list for PBXProject "DrewFace" */ = {
			isa = XCConfigurationList;
			buildConfigurations = (
				1D69930516C014C200547D63 /* Debug */,
				1D69930616C014C200547D63 /* Release */,
			);
			defaultConfigurationIsVisible = 0;
			defaultConfigurationName = Release;
		};
		1D69930716C014C200547D63 /* Build configuration list for PBXNativeTarget "DrewFace" */ = {
			isa = XCConfigurationList;
			buildConfigurations = (
				1D69930816C014C200547D63 /* Debug */,
				1D69930916C014C200547D63 /* Release */,
			);
			defaultConfigurationIsVisible = 0;
			defaultConfigurationName = Release;
		};
/* End XCConfigurationList section */
	};
	rootObject = 1D6992DC16C014C200547D63 /* Project object */;
}
