<?xml version="1.0" encoding="utf-8"?>
<Project ToolsVersion="4.0" xmlns="http://schemas.microsoft.com/developer/msbuild/2003">
  <ItemGroup>
    <Filter Include="Source Files">
      <UniqueIdentifier>{4FC737F1-C7A5-4376-A066-2A32D752A2FF}</UniqueIdentifier>
      <Extensions>cpp;c;cc;cxx;def;odl;idl;hpj;bat;asm;asmx</Extensions>
    </Filter>
    <Filter Include="Header Files">
      <UniqueIdentifier>{93995380-89BD-4b04-88EB-625FBE52EBFB}</UniqueIdentifier>
      <Extensions>h;hpp;hxx;hm;inl;inc;xsd</Extensions>
    </Filter>
    <Filter Include="Resource Files">
      <UniqueIdentifier>{67DA6AB6-F800-4c08-8B7A-83BB121AAD01}</UniqueIdentifier>
      <Extensions>rc;ico;cur;bmp;dlg;rc2;rct;bin;rgs;gif;jpg;jpeg;jpe;resx;tiff;tif;png;wav;mfcribbon-ms</Extensions>
    </Filter>
  </ItemGroup>
  <ItemGroup>
    <ClCompile Include="faceDetect.cpp">
      <Filter>Source Files</Filter>
    </ClCompile>
    <ClCompile Include="OpenCVClass.cpp">
      <Filter>Source Files</Filter>
    </ClCompile>
    <ClCompile Include="Detect.cpp">
      <Filter>Source Files</Filter>
    </ClCompile>
    <ClCompile Include="faceDetect2.cpp">
      <Filter>Source Files</Filter>
    </ClCompile>
  </ItemGroup>
  <ItemGroup>
    <ClInclude Include="OpenCVClass.h">
      <Filter>Source Files</Filter>
    </ClInclude>
    <ClInclude Include="Detect.h">
      <Filter>Source Files</Filter>
    </ClInclude>
    <ClInclude Include="faceDetect2.h">
      <Filter>Source Files</Filter>
    </ClInclude>
    <ClInclude Include="jconfig.h">
      <Filter>Header Files</Filter>
    </ClInclude>
    <ClInclude Include="jerror.h">
      <Filter>Header Files</Filter>
    </ClInclude>
    <ClInclude Include="jmorecfg.h">
      <Filter>Header Files</Filter>
    </ClInclude>
    <ClInclude Include="jpeglib.h">
      <Filter>Header Files</Filter>
    </ClInclude>
    <ClInclude Include="exif-data.h">
      <Filter>Header Files</Filter>
    </ClInclude>
    <ClInclude Include="exif-byte-order.h">
      <Filter>Header Files</Filter>
    </ClInclude>
    <ClInclude Include="exif-data-type.h">
      <Filter>Header Files</Filter>
    </ClInclude>
    <ClInclude Include="exif-ifd.h">
      <Filter>Header Files</Filter>
    </ClInclude>
    <ClInclude Include="exif-log.h">
      <Filter>Header Files</Filter>
    </ClInclude>
    <ClInclude Include="exif-tag.h">
      <Filter>Header Files</Filter>
    </ClInclude>
    <ClInclude Include="exif-mem.h">
      <Filter>Header Files</Filter>
    </ClInclude>
    <ClInclude Include="exif-utils.h">
      <Filter>Header Files</Filter>
    </ClInclude>
    <ClInclude Include="_stdint.h">
      <Filter>Header Files</Filter>
    </ClInclude>
    <ClInclude Include="exif-format.h">
      <Filter>Header Files</Filter>
    </ClInclude>
    <ClInclude Include="exif-content.h">
      <Filter>Header Files</Filter>
    </ClInclude>
    <ClInclude Include="exif-mnote-data.h">
      <Filter>Header Files</Filter>
    </ClInclude>
    <ClInclude Include="exif-entry.h">
      <Filter>Header Files</Filter>
    </ClInclude>
  </ItemGroup>
  <ItemGroup>
    <Xml Include="..\..\..\..\..\Downloads\haarcascade_frontalface_default.xml">
      <Filter>Resource Files</Filter>
    </Xml>
    <Xml Include="..\..\..\..\..\Downloads\haarcascade_mcs_mouth.xml">
      <Filter>Resource Files</Filter>
    </Xml>
  </ItemGroup>
  <ItemGroup>
    <Library Include="..\..\jpeg-9\Release\jpeg.lib">
      <Filter>Resource Files</Filter>
    </Library>
  </ItemGroup>
</Project>